{
  "version": "v1",
  "packages": {
    "@flash-ship/ecom-ui": {
      "signature": "c75730c1bfeb2a500d503fd748262ac9"
    },
    "@flash-ship/ecom-trpc": {
      "signature": "8bed8eb1256a7a7917240761c66fa00e"
    },
    "@flash-ship/ecom-i18n": {
      "signature": "815cb79d4c2dfd9fca34e293bc02a363"
    },
    "@flash-ship/ecom-lib": {
      "signature": "5b1633967d609b224258fca823a63240"
    },
    "@flash-ship/ecom-types": {
      "signature": "da918e50bb53dc0527932b7ccc620f97"
    },
    "@flash-ship/ecom-config": {
      "signature": "68d3509cca7e759b09782947a9f3dc93"
    },
    "@flash-ship/ecom-emails": {
      "signature": "ae29a84689f08d396ffb3bf804abf01c"
    },
    "@flash-ship/ecom-tsconfig": {
      "signature": "92087e26797316e1bf7c19804b024003"
    }
  }
}